
Microsoft Visual Studio Solution File, Format Version 11.00
# Visual Studio 2010
Project("{8BC9CEB8-8B4A-11D0-8D11-00A0C91BC942}") = "FlacDecodeTest", "FlacDecodeTest.vcxproj", "{132E4CE3-0171-4E79-A0A4-43A6D7DB44EA}"
	ProjectSection(ProjectDependencies) = postProject
		{231F7442-C003-4CE4-A2A4-254CF8879FE1} = {231F7442-C003-4CE4-A2A4-254CF8879FE1}
	EndProjectSection
EndProject
Project("{8BC9CEB8-8B4A-11D0-8D11-00A0C91BC942}") = "FlacDecodeDLL", "..\FlacDecodeDLL\FlacDecodeDLL.vcxproj", "{231F7442-C003-4CE4-A2A4-254CF8879FE1}"
EndProject
Global
	GlobalSection(SolutionConfigurationPlatforms) = preSolution
		Debug|Win32 = Debug|Win32
		Release|Win32 = Release|Win32
	EndGlobalSection
	GlobalSection(ProjectConfigurationPlatforms) = postSolution
		{132E4CE3-0171-4E79-A0A4-43A6D7DB44EA}.Debug|Win32.ActiveCfg = Debug|Win32
		{132E4CE3-0171-4E79-A0A4-43A6D7DB44EA}.Debug|Win32.Build.0 = Debug|Win32
		{132E4CE3-0171-4E79-A0A4-43A6D7DB44EA}.Release|Win32.ActiveCfg = Release|Win32
		{132E4CE3-0171-4E79-A0A4-43A6D7DB44EA}.Release|Win32.Build.0 = Release|Win32
		{231F7442-C003-4CE4-A2A4-254CF8879FE1}.Debug|Win32.ActiveCfg = Debug|Win32
		{231F7442-C003-4CE4-A2A4-254CF8879FE1}.Debug|Win32.Build.0 = Debug|Win32
		{231F7442-C003-4CE4-A2A4-254CF8879FE1}.Release|Win32.ActiveCfg = Release|Win32
		{231F7442-C003-4CE4-A2A4-254CF8879FE1}.Release|Win32.Build.0 = Release|Win32
	EndGlobalSection
	GlobalSection(SolutionProperties) = preSolution
		HideSolutionNode = FALSE
	EndGlobalSection
EndGlobal
