<?xml version="1.0" encoding="utf-8"?>
<Project ToolsVersion="4.0" xmlns="http://schemas.microsoft.com/developer/msbuild/2003">
  <ItemGroup>
    <Filter Include="ソース ファイル">
      <UniqueIdentifier>{4FC737F1-C7A5-4376-A066-2A32D752A2FF}</UniqueIdentifier>
      <Extensions>cpp;c;cc;cxx;def;odl;idl;hpj;bat;asm;asmx</Extensions>
    </Filter>
    <Filter Include="ヘッダー ファイル">
      <UniqueIdentifier>{93995380-89BD-4b04-88EB-625FBE52EBFB}</UniqueIdentifier>
      <Extensions>h;hpp;hxx;hm;inl;inc;xsd</Extensions>
    </Filter>
    <Filter Include="リソース ファイル">
      <UniqueIdentifier>{67DA6AB6-F800-4c08-8B7A-83BB121AAD01}</UniqueIdentifier>
      <Extensions>rc;ico;cur;bmp;dlg;rc2;rct;bin;rgs;gif;jpg;jpeg;jpe;resx;tiff;tif;png;wav;mfcribbon-ms</Extensions>
    </Filter>
  </ItemGroup>
  <ItemGroup>
    <ClInclude Include="targetver.h">
      <Filter>ヘッダー ファイル</Filter>
    </ClInclude>
  </ItemGroup>
  <ItemGroup>
    <ClCompile Include="FlacDecodeTest.cpp">
      <Filter>ソース ファイル</Filter>
    </ClCompile>
    <ClCompile Include="..\..\flac-1.2.1\src\libFLAC\bitmath.c">
      <Filter>ソース ファイル</Filter>
    </ClCompile>
    <ClCompile Include="..\..\flac-1.2.1\src\libFLAC\bitreader.c">
      <Filter>ソース ファイル</Filter>
    </ClCompile>
    <ClCompile Include="..\..\flac-1.2.1\src\libFLAC\bitwriter.c">
      <Filter>ソース ファイル</Filter>
    </ClCompile>
    <ClCompile Include="..\..\flac-1.2.1\src\libFLAC\cpu.c">
      <Filter>ソース ファイル</Filter>
    </ClCompile>
    <ClCompile Include="..\..\flac-1.2.1\src\libFLAC\crc.c">
      <Filter>ソース ファイル</Filter>
    </ClCompile>
    <ClCompile Include="..\..\flac-1.2.1\src\libFLAC\fixed.c">
      <Filter>ソース ファイル</Filter>
    </ClCompile>
    <ClCompile Include="..\..\flac-1.2.1\src\libFLAC\float.c">
      <Filter>ソース ファイル</Filter>
    </ClCompile>
    <ClCompile Include="..\..\flac-1.2.1\src\libFLAC\format.c">
      <Filter>ソース ファイル</Filter>
    </ClCompile>
    <ClCompile Include="..\..\flac-1.2.1\src\libFLAC\lpc.c">
      <Filter>ソース ファイル</Filter>
    </ClCompile>
    <ClCompile Include="..\..\flac-1.2.1\src\libFLAC\md5.c">
      <Filter>ソース ファイル</Filter>
    </ClCompile>
    <ClCompile Include="..\..\flac-1.2.1\src\libFLAC\memory.c">
      <Filter>ソース ファイル</Filter>
    </ClCompile>
    <ClCompile Include="..\..\flac-1.2.1\src\libFLAC\metadata_iterators.c">
      <Filter>ソース ファイル</Filter>
    </ClCompile>
    <ClCompile Include="..\..\flac-1.2.1\src\libFLAC\metadata_object.c">
      <Filter>ソース ファイル</Filter>
    </ClCompile>
    <ClCompile Include="..\..\flac-1.2.1\src\libFLAC\ogg_decoder_aspect.c">
      <Filter>ソース ファイル</Filter>
    </ClCompile>
    <ClCompile Include="..\..\flac-1.2.1\src\libFLAC\ogg_encoder_aspect.c">
      <Filter>ソース ファイル</Filter>
    </ClCompile>
    <ClCompile Include="..\..\flac-1.2.1\src\libFLAC\ogg_helper.c">
      <Filter>ソース ファイル</Filter>
    </ClCompile>
    <ClCompile Include="..\..\flac-1.2.1\src\libFLAC\ogg_mapping.c">
      <Filter>ソース ファイル</Filter>
    </ClCompile>
    <ClCompile Include="..\..\flac-1.2.1\src\libFLAC\stream_decoder.c">
      <Filter>ソース ファイル</Filter>
    </ClCompile>
    <ClCompile Include="..\..\flac-1.2.1\src\libFLAC\stream_encoder.c">
      <Filter>ソース ファイル</Filter>
    </ClCompile>
    <ClCompile Include="..\..\flac-1.2.1\src\libFLAC\stream_encoder_framing.c">
      <Filter>ソース ファイル</Filter>
    </ClCompile>
    <ClCompile Include="..\..\flac-1.2.1\src\libFLAC\window.c">
      <Filter>ソース ファイル</Filter>
    </ClCompile>
    <ClCompile Include="..\..\libogg-1.2.0\src\bitwise.c">
      <Filter>ソース ファイル</Filter>
    </ClCompile>
    <ClCompile Include="..\..\libogg-1.2.0\src\framing.c">
      <Filter>ソース ファイル</Filter>
    </ClCompile>
  </ItemGroup>
  <ItemGroup>
    <CustomBuild Include="..\..\flac-1.2.1\src\libFLAC\ia32\bitreader_asm.nasm" />
    <CustomBuild Include="..\..\flac-1.2.1\src\libFLAC\ia32\cpu_asm.nasm" />
    <CustomBuild Include="..\..\flac-1.2.1\src\libFLAC\ia32\fixed_asm.nasm" />
    <CustomBuild Include="..\..\flac-1.2.1\src\libFLAC\ia32\stream_encoder_asm.nasm" />
    <CustomBuild Include="..\..\flac-1.2.1\src\libFLAC\ia32\lpc_asm.nasm" />
  </ItemGroup>
</Project>