
Microsoft Visual Studio Solution File, Format Version 11.00
# Visual Studio 2010
Project("{FAE04EC0-301F-11D3-BF4B-00C04F79EFBC}") = "WWAudioFilter", "WWAudioFilter.csproj", "{03E90420-3E92-4F6D-82FC-1FCB242CF6E4}"
	ProjectSection(ProjectDependencies) = postProject
		{C2210BF3-3EAF-42BF-992D-BE6D84A3CC8A} = {C2210BF3-3EAF-42BF-992D-BE6D84A3CC8A}
	EndProjectSection
EndProject
Project("{FAE04EC0-301F-11D3-BF4B-00C04F79EFBC}") = "WWXmlRW", "..\WWXmlRW\WWXmlRW.csproj", "{AB557C03-95F9-4D3A-B2CB-16EC26D884CD}"
EndProject
Project("{8BC9CEB8-8B4A-11D0-8D11-00A0C91BC942}") = "WWFlacRW", "..\WWFlacRW\WWFlacRW.vcxproj", "{C2210BF3-3EAF-42BF-992D-BE6D84A3CC8A}"
EndProject
Project("{8BC9CEB8-8B4A-11D0-8D11-00A0C91BC942}") = "WWFlacRWTest", "..\WWFlacRWTest\WWFlacRWTest.vcxproj", "{26FD4521-08C1-477A-B452-92B27C31E70B}"
	ProjectSection(ProjectDependencies) = postProject
		{C2210BF3-3EAF-42BF-992D-BE6D84A3CC8A} = {C2210BF3-3EAF-42BF-992D-BE6D84A3CC8A}
	EndProjectSection
EndProject
Global
	GlobalSection(SolutionConfigurationPlatforms) = preSolution
		Debug|Mixed Platforms = Debug|Mixed Platforms
		Debug|Win32 = Debug|Win32
		Debug|x64 = Debug|x64
		Release|Mixed Platforms = Release|Mixed Platforms
		Release|Win32 = Release|Win32
		Release|x64 = Release|x64
	EndGlobalSection
	GlobalSection(ProjectConfigurationPlatforms) = postSolution
		{03E90420-3E92-4F6D-82FC-1FCB242CF6E4}.Debug|Mixed Platforms.ActiveCfg = Debug|x64
		{03E90420-3E92-4F6D-82FC-1FCB242CF6E4}.Debug|Mixed Platforms.Build.0 = Debug|x64
		{03E90420-3E92-4F6D-82FC-1FCB242CF6E4}.Debug|Win32.ActiveCfg = Debug|x64
		{03E90420-3E92-4F6D-82FC-1FCB242CF6E4}.Debug|x64.ActiveCfg = Debug|x64
		{03E90420-3E92-4F6D-82FC-1FCB242CF6E4}.Release|Mixed Platforms.ActiveCfg = Release|x64
		{03E90420-3E92-4F6D-82FC-1FCB242CF6E4}.Release|Mixed Platforms.Build.0 = Release|x64
		{03E90420-3E92-4F6D-82FC-1FCB242CF6E4}.Release|Win32.ActiveCfg = Release|x64
		{03E90420-3E92-4F6D-82FC-1FCB242CF6E4}.Release|x64.ActiveCfg = Release|x64
		{AB557C03-95F9-4D3A-B2CB-16EC26D884CD}.Debug|Mixed Platforms.ActiveCfg = Debug|x86
		{AB557C03-95F9-4D3A-B2CB-16EC26D884CD}.Debug|Mixed Platforms.Build.0 = Debug|x86
		{AB557C03-95F9-4D3A-B2CB-16EC26D884CD}.Debug|Win32.ActiveCfg = Debug|x86
		{AB557C03-95F9-4D3A-B2CB-16EC26D884CD}.Debug|x64.ActiveCfg = Debug|x64
		{AB557C03-95F9-4D3A-B2CB-16EC26D884CD}.Debug|x64.Build.0 = Debug|x64
		{AB557C03-95F9-4D3A-B2CB-16EC26D884CD}.Release|Mixed Platforms.ActiveCfg = Release|x86
		{AB557C03-95F9-4D3A-B2CB-16EC26D884CD}.Release|Mixed Platforms.Build.0 = Release|x86
		{AB557C03-95F9-4D3A-B2CB-16EC26D884CD}.Release|Win32.ActiveCfg = Release|x86
		{AB557C03-95F9-4D3A-B2CB-16EC26D884CD}.Release|x64.ActiveCfg = Release|x64
		{AB557C03-95F9-4D3A-B2CB-16EC26D884CD}.Release|x64.Build.0 = Release|x64
		{C2210BF3-3EAF-42BF-992D-BE6D84A3CC8A}.Debug|Mixed Platforms.ActiveCfg = Debug|Win32
		{C2210BF3-3EAF-42BF-992D-BE6D84A3CC8A}.Debug|Mixed Platforms.Build.0 = Debug|Win32
		{C2210BF3-3EAF-42BF-992D-BE6D84A3CC8A}.Debug|Win32.ActiveCfg = Debug|Win32
		{C2210BF3-3EAF-42BF-992D-BE6D84A3CC8A}.Debug|Win32.Build.0 = Debug|Win32
		{C2210BF3-3EAF-42BF-992D-BE6D84A3CC8A}.Debug|x64.ActiveCfg = Debug|x64
		{C2210BF3-3EAF-42BF-992D-BE6D84A3CC8A}.Release|Mixed Platforms.ActiveCfg = Release|Win32
		{C2210BF3-3EAF-42BF-992D-BE6D84A3CC8A}.Release|Mixed Platforms.Build.0 = Release|Win32
		{C2210BF3-3EAF-42BF-992D-BE6D84A3CC8A}.Release|Win32.ActiveCfg = Release|Win32
		{C2210BF3-3EAF-42BF-992D-BE6D84A3CC8A}.Release|Win32.Build.0 = Release|Win32
		{C2210BF3-3EAF-42BF-992D-BE6D84A3CC8A}.Release|x64.ActiveCfg = Release|Win32
		{26FD4521-08C1-477A-B452-92B27C31E70B}.Debug|Mixed Platforms.ActiveCfg = Debug|Win32
		{26FD4521-08C1-477A-B452-92B27C31E70B}.Debug|Mixed Platforms.Build.0 = Debug|Win32
		{26FD4521-08C1-477A-B452-92B27C31E70B}.Debug|Win32.ActiveCfg = Debug|Win32
		{26FD4521-08C1-477A-B452-92B27C31E70B}.Debug|Win32.Build.0 = Debug|Win32
		{26FD4521-08C1-477A-B452-92B27C31E70B}.Debug|x64.ActiveCfg = Debug|x64
		{26FD4521-08C1-477A-B452-92B27C31E70B}.Release|Mixed Platforms.ActiveCfg = Release|Win32
		{26FD4521-08C1-477A-B452-92B27C31E70B}.Release|Mixed Platforms.Build.0 = Release|Win32
		{26FD4521-08C1-477A-B452-92B27C31E70B}.Release|Win32.ActiveCfg = Release|Win32
		{26FD4521-08C1-477A-B452-92B27C31E70B}.Release|Win32.Build.0 = Release|Win32
		{26FD4521-08C1-477A-B452-92B27C31E70B}.Release|x64.ActiveCfg = Release|Win32
	EndGlobalSection
	GlobalSection(SolutionProperties) = preSolution
		HideSolutionNode = FALSE
	EndGlobalSection
EndGlobal
