
Microsoft Visual Studio Solution File, Format Version 10.00
# Visual C# Express 2008
Project("{FAE04EC0-301F-11D3-BF4B-00C04F79EFBC}") = "Compose", "Compose\Compose.csproj", "{55FA2314-150D-43EA-8F2D-544099DB4E57}"
EndProject
Global
	GlobalSection(SolutionConfigurationPlatforms) = preSolution
		Debug|Any CPU = Debug|Any CPU
		Release|Any CPU = Release|Any CPU
	EndGlobalSection
	GlobalSection(ProjectConfigurationPlatforms) = postSolution
		{55FA2314-150D-43EA-8F2D-544099DB4E57}.Debug|Any CPU.ActiveCfg = Debug|Any CPU
		{55FA2314-150D-43EA-8F2D-544099DB4E57}.Debug|Any CPU.Build.0 = Debug|Any CPU
		{55FA2314-150D-43EA-8F2D-544099DB4E57}.Release|Any CPU.ActiveCfg = Release|Any CPU
		{55FA2314-150D-43EA-8F2D-544099DB4E57}.Release|Any CPU.Build.0 = Release|Any CPU
	EndGlobalSection
	GlobalSection(SolutionProperties) = preSolution
		HideSolutionNode = FALSE
	EndGlobalSection
EndGlobal
