
Microsoft Visual Studio Solution File, Format Version 11.00
# Visual Studio 2010
Project("{FAE04EC0-301F-11D3-BF4B-00C04F79EFBC}") = "sqwave2", "sqwave2\sqwave2.csproj", "{CC6A181F-D033-417D-B8F0-C47A1085F123}"
EndProject
Project("{FAE04EC0-301F-11D3-BF4B-00C04F79EFBC}") = "WavRWLib2", "..\WavRWLib2\WavRWLib2.csproj", "{77005090-E2C5-4063-9681-0D0EED33A2B2}"
EndProject
Project("{8BC9CEB8-8B4A-11D0-8D11-00A0C91BC942}") = "AsioIODLL", "..\AsioIO\AsioIODLL\AsioIO.vcxproj", "{6B24AC00-59D1-485F-BB9E-3568F031B8D8}"
EndProject
Project("{FAE04EC0-301F-11D3-BF4B-00C04F79EFBC}") = "AsioCS", "..\AsioIO\AsioCS\AsioCS.csproj", "{CE14235A-60E0-4D63-AD0E-2B27332D811F}"
EndProject
Global
	GlobalSection(SolutionConfigurationPlatforms) = preSolution
		Debug|Any CPU = Debug|Any CPU
		Debug|Mixed Platforms = Debug|Mixed Platforms
		Debug|Win32 = Debug|Win32
		Debug|x86 = Debug|x86
		Release|Any CPU = Release|Any CPU
		Release|Mixed Platforms = Release|Mixed Platforms
		Release|Win32 = Release|Win32
		Release|x86 = Release|x86
	EndGlobalSection
	GlobalSection(ProjectConfigurationPlatforms) = postSolution
		{CC6A181F-D033-417D-B8F0-C47A1085F123}.Debug|Any CPU.ActiveCfg = Debug|x86
		{CC6A181F-D033-417D-B8F0-C47A1085F123}.Debug|Mixed Platforms.ActiveCfg = Debug|x86
		{CC6A181F-D033-417D-B8F0-C47A1085F123}.Debug|Mixed Platforms.Build.0 = Debug|x86
		{CC6A181F-D033-417D-B8F0-C47A1085F123}.Debug|Win32.ActiveCfg = Debug|x86
		{CC6A181F-D033-417D-B8F0-C47A1085F123}.Debug|x86.ActiveCfg = Debug|x86
		{CC6A181F-D033-417D-B8F0-C47A1085F123}.Debug|x86.Build.0 = Debug|x86
		{CC6A181F-D033-417D-B8F0-C47A1085F123}.Release|Any CPU.ActiveCfg = Release|x86
		{CC6A181F-D033-417D-B8F0-C47A1085F123}.Release|Mixed Platforms.ActiveCfg = Release|x86
		{CC6A181F-D033-417D-B8F0-C47A1085F123}.Release|Mixed Platforms.Build.0 = Release|x86
		{CC6A181F-D033-417D-B8F0-C47A1085F123}.Release|Win32.ActiveCfg = Release|x86
		{CC6A181F-D033-417D-B8F0-C47A1085F123}.Release|x86.ActiveCfg = Release|x86
		{CC6A181F-D033-417D-B8F0-C47A1085F123}.Release|x86.Build.0 = Release|x86
		{77005090-E2C5-4063-9681-0D0EED33A2B2}.Debug|Any CPU.ActiveCfg = Debug|Any CPU
		{77005090-E2C5-4063-9681-0D0EED33A2B2}.Debug|Any CPU.Build.0 = Debug|Any CPU
		{77005090-E2C5-4063-9681-0D0EED33A2B2}.Debug|Mixed Platforms.ActiveCfg = Debug|Any CPU
		{77005090-E2C5-4063-9681-0D0EED33A2B2}.Debug|Mixed Platforms.Build.0 = Debug|Any CPU
		{77005090-E2C5-4063-9681-0D0EED33A2B2}.Debug|Win32.ActiveCfg = Debug|Any CPU
		{77005090-E2C5-4063-9681-0D0EED33A2B2}.Debug|x86.ActiveCfg = Debug|Any CPU
		{77005090-E2C5-4063-9681-0D0EED33A2B2}.Release|Any CPU.ActiveCfg = Release|Any CPU
		{77005090-E2C5-4063-9681-0D0EED33A2B2}.Release|Any CPU.Build.0 = Release|Any CPU
		{77005090-E2C5-4063-9681-0D0EED33A2B2}.Release|Mixed Platforms.ActiveCfg = Release|Any CPU
		{77005090-E2C5-4063-9681-0D0EED33A2B2}.Release|Mixed Platforms.Build.0 = Release|Any CPU
		{77005090-E2C5-4063-9681-0D0EED33A2B2}.Release|Win32.ActiveCfg = Release|Any CPU
		{77005090-E2C5-4063-9681-0D0EED33A2B2}.Release|x86.ActiveCfg = Release|Any CPU
		{6B24AC00-59D1-485F-BB9E-3568F031B8D8}.Debug|Any CPU.ActiveCfg = Debug|Win32
		{6B24AC00-59D1-485F-BB9E-3568F031B8D8}.Debug|Mixed Platforms.ActiveCfg = Debug|Win32
		{6B24AC00-59D1-485F-BB9E-3568F031B8D8}.Debug|Mixed Platforms.Build.0 = Debug|Win32
		{6B24AC00-59D1-485F-BB9E-3568F031B8D8}.Debug|Win32.ActiveCfg = Debug|Win32
		{6B24AC00-59D1-485F-BB9E-3568F031B8D8}.Debug|Win32.Build.0 = Debug|Win32
		{6B24AC00-59D1-485F-BB9E-3568F031B8D8}.Debug|x86.ActiveCfg = Debug|Win32
		{6B24AC00-59D1-485F-BB9E-3568F031B8D8}.Release|Any CPU.ActiveCfg = Release|Win32
		{6B24AC00-59D1-485F-BB9E-3568F031B8D8}.Release|Mixed Platforms.ActiveCfg = Release|Win32
		{6B24AC00-59D1-485F-BB9E-3568F031B8D8}.Release|Mixed Platforms.Build.0 = Release|Win32
		{6B24AC00-59D1-485F-BB9E-3568F031B8D8}.Release|Win32.ActiveCfg = Release|Win32
		{6B24AC00-59D1-485F-BB9E-3568F031B8D8}.Release|Win32.Build.0 = Release|Win32
		{6B24AC00-59D1-485F-BB9E-3568F031B8D8}.Release|x86.ActiveCfg = Release|Win32
		{CE14235A-60E0-4D63-AD0E-2B27332D811F}.Debug|Any CPU.ActiveCfg = Debug|Any CPU
		{CE14235A-60E0-4D63-AD0E-2B27332D811F}.Debug|Any CPU.Build.0 = Debug|Any CPU
		{CE14235A-60E0-4D63-AD0E-2B27332D811F}.Debug|Mixed Platforms.ActiveCfg = Debug|Any CPU
		{CE14235A-60E0-4D63-AD0E-2B27332D811F}.Debug|Mixed Platforms.Build.0 = Debug|Any CPU
		{CE14235A-60E0-4D63-AD0E-2B27332D811F}.Debug|Win32.ActiveCfg = Debug|Any CPU
		{CE14235A-60E0-4D63-AD0E-2B27332D811F}.Debug|x86.ActiveCfg = Debug|Any CPU
		{CE14235A-60E0-4D63-AD0E-2B27332D811F}.Release|Any CPU.ActiveCfg = Release|Any CPU
		{CE14235A-60E0-4D63-AD0E-2B27332D811F}.Release|Any CPU.Build.0 = Release|Any CPU
		{CE14235A-60E0-4D63-AD0E-2B27332D811F}.Release|Mixed Platforms.ActiveCfg = Release|Any CPU
		{CE14235A-60E0-4D63-AD0E-2B27332D811F}.Release|Mixed Platforms.Build.0 = Release|Any CPU
		{CE14235A-60E0-4D63-AD0E-2B27332D811F}.Release|Win32.ActiveCfg = Release|Any CPU
		{CE14235A-60E0-4D63-AD0E-2B27332D811F}.Release|x86.ActiveCfg = Release|Any CPU
	EndGlobalSection
	GlobalSection(SolutionProperties) = preSolution
		HideSolutionNode = FALSE
	EndGlobalSection
EndGlobal
